
Microsoft Visual Studio Solution File, Format Version 12.00
# Visual Studio Version 17
VisualStudioVersion = 17.0.32014.148
MinimumVisualStudioVersion = 10.0.40219.1
Project("{9A19103F-16F7-4668-BE54-9A1E7A4F7556}") = "Online Voting", "Online Voting.csproj", "{3F972765-08F4-4672-ADE1-730740FDEBEE}"
EndProject
Project("{9A19103F-16F7-4668-BE54-9A1E7A4F7556}") = "Online Voting DAL", "..\DAL(Data Access Layer)\Online Voting DAL.csproj", "{122E7F2A-FAE9-4EB1-9AAF-3C9751193AF2}"
EndProject
Project("{9A19103F-16F7-4668-BE54-9A1E7A4F7556}") = "Online Voting Service", "..\Service Layer\Online Voting Service.csproj", "{A7664634-2DF3-400B-87D8-92B6DBFE0D60}"
EndProject
Global
	GlobalSection(SolutionConfigurationPlatforms) = preSolution
		Debug|Any CPU = Debug|Any CPU
		Release|Any CPU = Release|Any CPU
	EndGlobalSection
	GlobalSection(ProjectConfigurationPlatforms) = postSolution
		{3F972765-08F4-4672-ADE1-730740FDEBEE}.Debug|Any CPU.ActiveCfg = Debug|Any CPU
		{3F972765-08F4-4672-ADE1-730740FDEBEE}.Debug|Any CPU.Build.0 = Debug|Any CPU
		{3F972765-08F4-4672-ADE1-730740FDEBEE}.Release|Any CPU.ActiveCfg = Release|Any CPU
		{3F972765-08F4-4672-ADE1-730740FDEBEE}.Release|Any CPU.Build.0 = Release|Any CPU
		{122E7F2A-FAE9-4EB1-9AAF-3C9751193AF2}.Debug|Any CPU.ActiveCfg = Debug|Any CPU
		{122E7F2A-FAE9-4EB1-9AAF-3C9751193AF2}.Debug|Any CPU.Build.0 = Debug|Any CPU
		{122E7F2A-FAE9-4EB1-9AAF-3C9751193AF2}.Release|Any CPU.ActiveCfg = Release|Any CPU
		{122E7F2A-FAE9-4EB1-9AAF-3C9751193AF2}.Release|Any CPU.Build.0 = Release|Any CPU
		{A7664634-2DF3-400B-87D8-92B6DBFE0D60}.Debug|Any CPU.ActiveCfg = Debug|Any CPU
		{A7664634-2DF3-400B-87D8-92B6DBFE0D60}.Debug|Any CPU.Build.0 = Debug|Any CPU
		{A7664634-2DF3-400B-87D8-92B6DBFE0D60}.Release|Any CPU.ActiveCfg = Release|Any CPU
		{A7664634-2DF3-400B-87D8-92B6DBFE0D60}.Release|Any CPU.Build.0 = Release|Any CPU
	EndGlobalSection
	GlobalSection(SolutionProperties) = preSolution
		HideSolutionNode = FALSE
	EndGlobalSection
	GlobalSection(ExtensibilityGlobals) = postSolution
		SolutionGuid = {41B4E105-9C5F-4AB0-98F0-EDABD96D2DBE}
	EndGlobalSection
EndGlobal
